{
  "pins" : [
    {
      "identity" : "salmonui",
      "kind" : "remoteSourceControl",
      "location" : "https://github.com/Kamaalio/SalmonUI.git",
      "state" : {
        "revision" : "7d45d261e757c7102f8f3160861c86f9dfab1e04",
        "version" : "6.0.0"
      }
    },
    {
      "identity" : "swiftstructures",
      "kind" : "remoteSourceControl",
      "location" : "https://github.com/kamaal111/SwiftStructures.git",
      "state" : {
        "revision" : "5a294b799d5dff2dc758a8566f388b7060ca43e5",
        "version" : "1.0.0"
      }
    }
  ],
  "version" : 2
}
